Microsoft Visual Studio Solution File, Format Version 11.00
# Visual Studio 2008

Project("{6090177F-B9E0-9523-752E-F413BD15A255}") = "anvil", "Assembly-CSharp-firstpass-vs.csproj", "{9E587184-E206-17E7-BC70-98D87BE6A7A3}"
EndProject
Project("{6090177F-B9E0-9523-752E-F413BD15A255}") = "anvil", "Assembly-CSharp-vs.csproj", "{3950902E-2BE6-9A4E-3431-0C9B907378A7}"
EndProject
Project("{6090177F-B9E0-9523-752E-F413BD15A255}") = "anvil", "Assembly-CSharp-Editor-vs.csproj", "{D865F13C-154D-0BF2-DFB0-2789BDD21312}"
EndProject
Global
	GlobalSection(SolutionConfigurationPlatforms) = preSolution
		Debug|Any CPU = Debug|Any CPU
		Release|Any CPU = Release|Any CPU
	EndGlobalSection
	GlobalSection(ProjectConfigurationPlatforms) = postSolution
		{9E587184-E206-17E7-BC70-98D87BE6A7A3}.Debug|Any CPU.ActiveCfg = Debug|Any CPU
		{9E587184-E206-17E7-BC70-98D87BE6A7A3}.Debug|Any CPU.Build.0 = Debug|Any CPU
		{9E587184-E206-17E7-BC70-98D87BE6A7A3}.Release|Any CPU.ActiveCfg = Release|Any CPU
		{9E587184-E206-17E7-BC70-98D87BE6A7A3}.Release|Any CPU.Build.0 = Release|Any CPU
		{3950902E-2BE6-9A4E-3431-0C9B907378A7}.Debug|Any CPU.ActiveCfg = Debug|Any CPU
		{3950902E-2BE6-9A4E-3431-0C9B907378A7}.Debug|Any CPU.Build.0 = Debug|Any CPU
		{3950902E-2BE6-9A4E-3431-0C9B907378A7}.Release|Any CPU.ActiveCfg = Release|Any CPU
		{3950902E-2BE6-9A4E-3431-0C9B907378A7}.Release|Any CPU.Build.0 = Release|Any CPU
		{D865F13C-154D-0BF2-DFB0-2789BDD21312}.Debug|Any CPU.ActiveCfg = Debug|Any CPU
		{D865F13C-154D-0BF2-DFB0-2789BDD21312}.Debug|Any CPU.Build.0 = Debug|Any CPU
		{D865F13C-154D-0BF2-DFB0-2789BDD21312}.Release|Any CPU.ActiveCfg = Release|Any CPU
		{D865F13C-154D-0BF2-DFB0-2789BDD21312}.Release|Any CPU.Build.0 = Release|Any CPU
	EndGlobalSection
	GlobalSection(SolutionProperties) = preSolution
		HideSolutionNode = FALSE
	EndGlobalSection
															GlobalSection(MonoDevelopProperties) = preSolution
		StartupItem = Assembly-CSharp.csproj
		Policies = $0
		$0.TextStylePolicy = $1
		$1.inheritsSet = null
		$1.scope = text/x-csharp
		$0.CSharpFormattingPolicy = $2
		$2.inheritsSet = Mono
		$2.inheritsScope = text/x-csharp
		$2.scope = text/x-csharp
		$0.TextStylePolicy = $3
		$3.FileWidth = 120
		$3.TabWidth = 4
		$3.EolMarker = Unix
		$3.inheritsSet = Mono
		$3.inheritsScope = text/plain
		$3.scope = text/plain
	EndGlobalSection

EndGlobal
